Microsoft Visual Studio Solution File, Format Version 11.00
# Visual Studio 2008

Project("{BDFC4742-6AE4-A74F-3921-6F30F9FA4780}") = "GoogleAdwordsUnity", "Assembly-CSharp.csproj", "{9F326530-C5A7-04EC-4E25-CD9175A6134C}"
EndProject
Global
	GlobalSection(SolutionConfigurationPlatforms) = preSolution
		Debug|Any CPU = Debug|Any CPU
		Release|Any CPU = Release|Any CPU
	EndGlobalSection
	GlobalSection(ProjectConfigurationPlatforms) = postSolution
		{9F326530-C5A7-04EC-4E25-CD9175A6134C}.Debug|Any CPU.ActiveCfg = Debug|Any CPU
		{9F326530-C5A7-04EC-4E25-CD9175A6134C}.Debug|Any CPU.Build.0 = Debug|Any CPU
		{9F326530-C5A7-04EC-4E25-CD9175A6134C}.Release|Any CPU.ActiveCfg = Release|Any CPU
		{9F326530-C5A7-04EC-4E25-CD9175A6134C}.Release|Any CPU.Build.0 = Release|Any CPU
	EndGlobalSection
	GlobalSection(SolutionProperties) = preSolution
		HideSolutionNode = FALSE
	EndGlobalSection
	GlobalSection(MonoDevelopProperties) = preSolution
		StartupItem = Assembly-CSharp.csproj
	EndGlobalSection
EndGlobal
